
Microsoft Visual Studio Solution File, Format Version 12.00
# Visual Studio Version 16
VisualStudioVersion = 16.0.33328.57
MinimumVisualStudioVersion = 10.0.40219.1
Project("{FAE04EC0-301F-11D3-BF4B-00C04F79EFBC}") = "LEDProject", "LEDProject\LEDProject.csproj", "{830023CD-E11B-48CA-80C4-CB39FCBCD096}"
EndProject
Global
	GlobalSection(SolutionConfigurationPlatforms) = preSolution
		Debug|Any CPU = Debug|Any CPU
		Release|Any CPU = Release|Any CPU
	EndGlobalSection
	GlobalSection(ProjectConfigurationPlatforms) = postSolution
		{830023CD-E11B-48CA-80C4-CB39FCBCD096}.Debug|Any CPU.ActiveCfg = Debug|Any CPU
		{830023CD-E11B-48CA-80C4-CB39FCBCD096}.Debug|Any CPU.Build.0 = Debug|Any CPU
		{830023CD-E11B-48CA-80C4-CB39FCBCD096}.Release|Any CPU.ActiveCfg = Release|Any CPU
		{830023CD-E11B-48CA-80C4-CB39FCBCD096}.Release|Any CPU.Build.0 = Release|Any CPU
	EndGlobalSection
	GlobalSection(SolutionProperties) = preSolution
		HideSolutionNode = FALSE
	EndGlobalSection
	GlobalSection(ExtensibilityGlobals) = postSolution
		SolutionGuid = {09D8BCE0-89E2-4470-9B3E-9ADA390A0752}
	EndGlobalSection
EndGlobal
